<Solution>
  <Project Path="AzdPipelinesAzureInfra.ApiService/AzdPipelinesAzureInfra.ApiService.csproj" />
  <Project Path="AzdPipelinesAzureInfra.AppHost/AzdPipelinesAzureInfra.AppHost.csproj" />
  <Project Path="AzdPipelinesAzureInfra.ServiceDefaults/AzdPipelinesAzureInfra.ServiceDefaults.csproj" />
  <Project Path="AzdPipelinesAzureInfra.Web/AzdPipelinesAzureInfra.Web.csproj" />
</Solution>
